
Microsoft Visual Studio Solution File, Format Version 12.00
# Visual Studio Version 17
VisualStudioVersion = 17.6.33815.320
MinimumVisualStudioVersion = 10.0.40219.1
Project("{FAE04EC0-301F-11D3-BF4B-00C04F79EFBC}") = "API.Test.Jitsi.JWT", "API.Test.Jitsi.JWT\API.Test.Jitsi.JWT.csproj", "{2C1A859F-D613-4BDE-AE98-557725000D89}"
EndProject
Global
	GlobalSection(SolutionConfigurationPlatforms) = preSolution
		Debug|Any CPU = Debug|Any CPU
		Release|Any CPU = Release|Any CPU
	EndGlobalSection
	GlobalSection(ProjectConfigurationPlatforms) = postSolution
		{2C1A859F-D613-4BDE-AE98-557725000D89}.Debug|Any CPU.ActiveCfg = Debug|Any CPU
		{2C1A859F-D613-4BDE-AE98-557725000D89}.Debug|Any CPU.Build.0 = Debug|Any CPU
		{2C1A859F-D613-4BDE-AE98-557725000D89}.Release|Any CPU.ActiveCfg = Release|Any CPU
		{2C1A859F-D613-4BDE-AE98-557725000D89}.Release|Any CPU.Build.0 = Release|Any CPU
	EndGlobalSection
	GlobalSection(SolutionProperties) = preSolution
		HideSolutionNode = FALSE
	EndGlobalSection
	GlobalSection(ExtensibilityGlobals) = postSolution
		SolutionGuid = {BE56995A-8E10-4495-AF82-6D2754F2B953}
	EndGlobalSection
EndGlobal
